-e .
    # via -r requirements/wibench.txt
absl-py==2.4.0
    # via tensorboard
accelerate==1.13.0
    # via
    #   -r requirements/algorithms/maskwm.txt
    #   -r requirements/attacks/vaeattack.txt
    #   -r requirements/attacks/wpwmattacker.txt
    #   peft
aiohappyeyeballs==2.6.1
    # via aiohttp
aiohttp==3.13.3
    # via
    #   fsspec
    #   torch-geometric
aiosignal==1.4.0
    # via aiohttp
annotated-doc==0.0.4
    # via typer
annotated-types==0.7.0
    # via pydantic
antlr4-python3-runtime==4.9.3
    # via omegaconf
async-timeout==5.0.1
    # via aiohttp
attrs==26.1.0
    # via aiohttp
augly==1.0.0
    # via
    #   -r requirements/algorithms/sshidden.txt
    #   -r requirements/algorithms/ssl_watermarking.txt
av==17.0.0
    # via
    #   -r requirements/algorithms/chunkyseal.txt
    #   -r requirements/algorithms/pixelseal.txt
    #   -r requirements/algorithms/videoseal.txt
bchlib==2.1.3
    # via -r requirements/algorithms/invismark.txt
bm3d==4.0.3
    # via -r requirements/attacks/bm3d.txt
bm4d==4.2.5
    # via bm3d
certifi==2026.2.25
    # via requests
charset-normalizer==3.4.6
    # via requests
click==8.3.1
    # via typer
coloredlogs==15.0.1
    # via onnxruntime
colormath==3.0.0
    # via -r requirements/algorithms/cin.txt
compressai==1.2.8
    # via
    #   -r requirements/algorithms/maskwm.txt
    #   -r requirements/attacks/vaeregeneration.txt
contourpy==1.3.2
    # via matplotlib
crc8==0.2.1
    # via -r requirements/algorithms/dwsf.txt
cuda-bindings==13.2.0
    # via torch
cuda-pathfinder==1.5.0
    # via cuda-bindings
cuda-toolkit==13.0.2
    # via torch
cycler==0.12.1
    # via matplotlib
datasets==3.6.0
    # via
    #   -r requirements/datasets/diffusiondb.txt
    #   -r requirements/datasets/mscoco.txt
diffusers==0.14.0
    # via
    #   -r requirements/algorithms/gaussian_shading.txt
    #   -r requirements/algorithms/maskwm.txt
    #   -r requirements/algorithms/maxsive.txt
    #   -r requirements/algorithms/metr.txt
    #   -r requirements/algorithms/ringid.txt
    #   -r requirements/algorithms/treering.txt
    #   -r requirements/attacks/adversarialembedding.txt
    #   -r requirements/attacks/adversarialembeddingpsnr.txt
    #   -r requirements/attacks/diffusionregeneration.txt
    #   -r requirements/attacks/vaeattack.txt
    #   -r requirements/attacks/wpwmattacker.txt
    #   metr
dill==0.3.8
    # via
    #   datasets
    #   multiprocess
einops==0.8.2
    # via
    #   -r requirements/algorithms/syncseal.txt
    #   -r requirements/attacks/wmforger.txt
    #   compressai
    #   trustmark
filelock==3.25.2
    # via
    #   datasets
    #   diffusers
    #   huggingface-hub
    #   torch
    #   transformers
flatbuffers==25.12.19
    # via onnxruntime
focal-frequency-loss==0.3.0
    # via -r requirements/algorithms/invismark.txt
fonttools==4.62.1
    # via matplotlib
frozenlist==1.8.0
    # via
    #   aiohttp
    #   aiosignal
fsspec==2025.3.0
    # via
    #   datasets
    #   huggingface-hub
    #   lightning
    #   pytorch-lightning
    #   torch
    #   torch-geometric
ftfy==6.3.1
    # via -r requirements/algorithms/metr.txt
geotorch==0.3.0
    # via -r requirements/attacks/discoattack.txt
grpcio==1.78.0
    # via tensorboard
huggingface-hub==0.25.2
    # via
    #   -r requirements/algorithms/gaussian_shading.txt
    #   -r requirements/algorithms/maxsive.txt
    #   -r requirements/algorithms/metr.txt
    #   -r requirements/algorithms/ringid.txt
    #   -r requirements/algorithms/treering.txt
    #   accelerate
    #   datasets
    #   diffusers
    #   timm
    #   transformers
    #   wibench
humanfriendly==10.0
    # via coloredlogs
idna==3.11
    # via
    #   requests
    #   yarl
imageio==2.37.3
    # via scikit-image
importlib-metadata==9.0.0
    # via
    #   -r requirements/algorithms/cin.txt
    #   diffusers
infi-clickhouse-orm==2.1.0
    # via json2clickhouse
invisible-watermark==0.2.0
    # via
    #   -r requirements/algorithms/dwt_dct.txt
    #   -r requirements/algorithms/dwt_dct_svd.txt
    #   -r requirements/algorithms/riva_gan.txt
iopath==0.1.10
    # via augly
iso8601==2.1.0
    # via infi-clickhouse-orm
jinja2==3.1.6
    # via
    #   torch
    #   torch-geometric
    #   wibench
joblib==1.5.3
    # via scikit-learn
json2clickhouse @ git+https://gitlab.ispras.ru/opentools/jsons2clickhouse@7ca5f7bf3dac3307e6f63d46b4a592b4ce40b933
    # via wibench
kiwisolver==1.5.0
    # via matplotlib
kornia==0.8.2
    # via
    #   -r requirements/algorithms/cin.txt
    #   -r requirements/algorithms/dwsf.txt
    #   -r requirements/algorithms/fin.txt
    #   -r requirements/algorithms/maskwm.txt
    #   -r requirements/algorithms/mbrs.txt
    #   -r requirements/algorithms/pimog.txt
    #   -r requirements/algorithms/sshidden.txt
kornia-rs==0.1.10
    # via kornia
lazy-loader==0.5
    # via scikit-image
lightning==2.6.1
    # via trustmark
lightning-utilities==0.15.3
    # via
    #   lightning
    #   pytorch-lightning
    #   torchmetrics
loguru==0.7.3
    # via
    #   -r requirements/algorithms/syncseal.txt
    #   wibench
lpips==0.1.4
    # via
    #   -r requirements/algorithms/syncseal.txt
    #   -r requirements/metrics/lpips.txt
markdown==3.10.2
    # via tensorboard
markdown-it-py==4.0.0
    # via rich
markupsafe==3.0.3
    # via
    #   jinja2
    #   werkzeug
matplotlib==3.10.8
    # via
    #   -r requirements/algorithms/gaussian_shading.txt
    #   -r requirements/algorithms/sshidden.txt
    #   -r requirements/algorithms/syncseal.txt
    #   -r requirements/algorithms/watermark_anything.txt
    #   compressai
mdurl==0.1.2
    # via markdown-it-py
metr @ git+https://github.com/deepvk/metr@8eb26e180ca98c5d58ec8519132daeffde9d3ec5
    # via -r requirements/algorithms/metr.txt
mpmath==1.3.0
    # via sympy
multidict==6.7.1
    # via
    #   aiohttp
    #   yarl
multiprocess==0.70.16
    # via datasets
munch==4.0.0
    # via pretrainedmodels
narwhals==2.18.1
    # via plotly
natsort==8.4.0
    # via -r requirements/algorithms/fin.txt
networkx==3.4.2
    # via
    #   colormath
    #   scikit-image
    #   torch
numpy==1.26.4
    # via
    #   -r requirements/algorithms/dct_marker.txt
    #   -r requirements/algorithms/dft_circle.txt
    #   -r requirements/algorithms/dwsf.txt
    #   -r requirements/algorithms/dwt_svm.txt
    #   -r requirements/algorithms/fin.txt
    #   -r requirements/algorithms/hidden.txt
    #   -r requirements/algorithms/maskwm.txt
    #   -r requirements/algorithms/pimog.txt
    #   -r requirements/algorithms/robust_wide.txt
    #   -r requirements/algorithms/ssl_watermarking.txt
    #   -r requirements/algorithms/stega_stamp.txt
    #   -r requirements/algorithms/watermark_anything.txt
    #   -r requirements/attacks/adversarialembedding.txt
    #   -r requirements/attacks/adversarialembeddingpsnr.txt
    #   -r requirements/attacks/dip.txt
    #   -r requirements/attacks/dipnoise.txt
    #   -r requirements/datasets/diffusiondb.txt
    #   accelerate
    #   bm4d
    #   colormath
    #   compressai
    #   contourpy
    #   datasets
    #   diffusers
    #   focal-frequency-loss
    #   imageio
    #   invisible-watermark
    #   lpips
    #   matplotlib
    #   onnxruntime
    #   opencv-python
    #   pandas
    #   peft
    #   pycocotools
    #   pywavelets
    #   scikit-image
    #   scikit-learn
    #   scipy
    #   tensorboard
    #   tensorboardx
    #   tifffile
    #   torch-fidelity
    #   torch-geometric
    #   torchmetrics
    #   torchvision
    #   transformers
    #   trustmark
    #   wibench
nvidia-cublas==13.1.0.3
    # via
    #   cuda-toolkit
    #   nvidia-cudnn-cu13
    #   nvidia-cusolver
nvidia-cuda-cupti==13.0.85
    # via cuda-toolkit
nvidia-cuda-nvrtc==13.0.88
    # via cuda-toolkit
nvidia-cuda-runtime==13.0.96
    # via cuda-toolkit
nvidia-cudnn-cu13==9.19.0.56
    # via torch
nvidia-cufft==12.0.0.61
    # via cuda-toolkit
nvidia-cufile==1.15.1.6
    # via cuda-toolkit
nvidia-curand==10.4.0.35
    # via cuda-toolkit
nvidia-cusolver==12.0.4.66
    # via cuda-toolkit
nvidia-cusparse==12.6.3.3
    # via
    #   cuda-toolkit
    #   nvidia-cusolver
nvidia-cusparselt-cu13==0.8.0
    # via torch
nvidia-nccl-cu13==2.28.9
    # via torch
nvidia-nvjitlink==13.0.88
    # via
    #   cuda-toolkit
    #   nvidia-cufft
    #   nvidia-cusolver
    #   nvidia-cusparse
nvidia-nvshmem-cu13==3.4.5
    # via torch
nvidia-nvtx==13.0.85
    # via cuda-toolkit
omegaconf==2.3.0
    # via
    #   -r requirements/algorithms/metr.txt
    #   -r requirements/algorithms/syncseal.txt
    #   -r requirements/algorithms/watermark_anything.txt
    #   -r requirements/attacks/wmforger.txt
    #   trustmark
onnxruntime==1.23.2
    # via
    #   -r requirements/algorithms/dwt_dct.txt
    #   -r requirements/algorithms/dwt_dct_svd.txt
    #   -r requirements/algorithms/hidden.txt
    #   -r requirements/algorithms/riva_gan.txt
    #   -r requirements/algorithms/stega_stamp.txt
    #   -r requirements/attacks/stegastampinversion.txt
    #   -r requirements/attacks/wpwmattacker.txt
opencv-python==4.11.0.86
    # via
    #   -r requirements/algorithms/cin.txt
    #   -r requirements/algorithms/dct_marker.txt
    #   -r requirements/algorithms/dwsf.txt
    #   -r requirements/algorithms/dwt_svm.txt
    #   -r requirements/algorithms/hidden.txt
    #   -r requirements/algorithms/stega_stamp.txt
    #   -r requirements/algorithms/syncseal.txt
    #   -r requirements/attacks/wpwmattacker.txt
    #   invisible-watermark
    #   wibench
packaging==26.0
    # via
    #   accelerate
    #   datasets
    #   huggingface-hub
    #   kornia
    #   lazy-loader
    #   lightning
    #   lightning-utilities
    #   matplotlib
    #   onnxruntime
    #   peft
    #   plotly
    #   pytorch-lightning
    #   scikit-image
    #   tensorboard
    #   tensorboardx
    #   torchmetrics
    #   transformers
    #   wheel
pandas==2.3.3
    # via
    #   -r requirements/algorithms/fin.txt
    #   -r requirements/algorithms/sshidden.txt
    #   -r requirements/algorithms/ssl_watermarking.txt
    #   -r requirements/algorithms/syncseal.txt
    #   compressai
    #   datasets
    #   wibench
peft==0.6.2
    # via -r requirements/algorithms/ringid.txt
pillow==12.1.1
    # via
    #   -r requirements/algorithms/arwgan.txt
    #   -r requirements/algorithms/dwsf.txt
    #   -r requirements/algorithms/maskwm.txt
    #   -r requirements/algorithms/ssl_watermarking.txt
    #   -r requirements/algorithms/watermark_anything.txt
    #   -r requirements/datasets/diffusiondb.txt
    #   diffusers
    #   imageio
    #   invisible-watermark
    #   matplotlib
    #   scikit-image
    #   tensorboard
    #   torch-fidelity
    #   torchvision
piq==0.8.0
    # via torchmetrics
plotly==6.6.0
    # via wibench
portalocker==3.2.0
    # via iopath
pretrainedmodels==0.7.4
    # via
    #   -r requirements/attacks/blurdeblurfpninception.txt
    #   -r requirements/attacks/dogblur.txt
    #   -r requirements/attacks/dogblurdeblurfpninception.txt
propcache==0.4.1
    # via
    #   aiohttp
    #   yarl
protobuf==7.34.1
    # via
    #   -r requirements/attacks/vaeattack.txt
    #   onnxruntime
    #   tensorboard
    #   tensorboardx
psutil==7.2.2
    # via
    #   accelerate
    #   peft
    #   torch-geometric
pyarrow==23.0.1
    # via datasets
pybind11==3.0.2
    # via compressai
pycocotools==2.0.11
    # via
    #   -r requirements/algorithms/syncseal.txt
    #   -r requirements/algorithms/watermark_anything.txt
pycryptodome==3.23.0
    # via -r requirements/algorithms/gaussian_shading.txt
pydantic==2.12.5
    # via wibench
pydantic-core==2.41.5
    # via pydantic
pygments==2.19.2
    # via rich
pyparsing==3.3.2
    # via
    #   matplotlib
    #   torch-geometric
python-dateutil==2.9.0.post0
    # via
    #   matplotlib
    #   pandas
python-magic==0.4.27
    # via augly
pytorch-lightning==2.6.1
    # via lightning
pytorch-msssim==1.0.0
    # via
    #   -r requirements/algorithms/syncseal.txt
    #   compressai
pytz==2026.1.post1
    # via
    #   infi-clickhouse-orm
    #   pandas
pywavelets==1.8.0
    # via
    #   -r requirements/algorithms/dwt_svm.txt
    #   bm4d
    #   invisible-watermark
pyyaml==6.0.3
    # via
    #   -r requirements/algorithms/cin.txt
    #   accelerate
    #   datasets
    #   huggingface-hub
    #   lightning
    #   omegaconf
    #   peft
    #   pytorch-lightning
    #   timm
    #   transformers
    #   wibench
regex==2026.2.28
    # via
    #   augly
    #   diffusers
    #   transformers
requests==2.33.0
    # via
    #   datasets
    #   diffusers
    #   huggingface-hub
    #   infi-clickhouse-orm
    #   torch-geometric
    #   transformers
rich==14.3.3
    # via typer
safetensors==0.7.0
    # via
    #   accelerate
    #   peft
    #   timm
    #   transformers
scikit-image==0.25.2
    # via
    #   -r requirements/algorithms/sshidden.txt
    #   -r requirements/algorithms/syncseal.txt
    #   -r requirements/attacks/wpwmattacker.txt
    #   wibench
scikit-learn==1.7.2
    # via -r requirements/algorithms/dwt_svm.txt
scipy==1.15.3
    # via
    #   -r requirements/algorithms/dct_marker.txt
    #   -r requirements/algorithms/sshidden.txt
    #   -r requirements/algorithms/ssl_watermarking.txt
    #   -r requirements/algorithms/syncseal.txt
    #   bm4d
    #   compressai
    #   lpips
    #   scikit-image
    #   scikit-learn
    #   torchdiffeq
    #   torchmetrics
    #   wibench
sentencepiece==0.2.1
    # via -r requirements/attacks/vaeattack.txt
setuptools==81.0.0
    # via
    #   compressai
    #   infi-clickhouse-orm
    #   json2clickhouse
    #   tensorboard
    #   torch
shellingham==1.5.4
    # via typer
six==1.17.0
    # via
    #   python-dateutil
    #   trustmark
sympy==1.14.0
    # via
    #   onnxruntime
    #   torch
tensorboard==2.20.0
    # via
    #   -r requirements/algorithms/invismark.txt
    #   -r requirements/algorithms/syncseal.txt
tensorboard-data-server==0.7.2
    # via tensorboard
tensorboardx==2.6.4
    # via -r requirements/attacks/discoattack.txt
threadpoolctl==3.6.0
    # via scikit-learn
tifffile==2025.5.10
    # via scikit-image
timm==1.0.26
    # via
    #   -r requirements/algorithms/sshidden.txt
    #   -r requirements/algorithms/ssl_watermarking.txt
    #   -r requirements/algorithms/syncseal.txt
    #   -r requirements/attacks/wmforger.txt
tokenizers==0.13.3
    # via transformers
tomli==2.4.1
    # via compressai
torch==2.11.0
    # via
    #   -r requirements/algorithms/arwgan.txt
    #   -r requirements/algorithms/cin.txt
    #   -r requirements/algorithms/dwsf.txt
    #   -r requirements/algorithms/fin.txt
    #   -r requirements/algorithms/maskwm.txt
    #   -r requirements/algorithms/pimog.txt
    #   -r requirements/algorithms/robust_wide.txt
    #   -r requirements/algorithms/sshidden.txt
    #   -r requirements/algorithms/watermark_anything.txt
    #   -r requirements/attacks/adversarialembedding.txt
    #   -r requirements/attacks/adversarialembeddingpsnr.txt
    #   -r requirements/attacks/diffusionregeneration.txt
    #   -r requirements/attacks/dip.txt
    #   -r requirements/attacks/dipnoise.txt
    #   -r requirements/attacks/discoattack.txt
    #   -r requirements/attacks/stegastampinversion.txt
    #   -r requirements/attacks/vaeattack.txt
    #   -r requirements/attacks/vaeregeneration.txt
    #   -r requirements/attacks/wpwmattacker.txt
    #   accelerate
    #   compressai
    #   focal-frequency-loss
    #   geotorch
    #   invisible-watermark
    #   kornia
    #   lightning
    #   lpips
    #   peft
    #   pretrainedmodels
    #   pytorch-lightning
    #   pytorch-msssim
    #   timm
    #   torch-fidelity
    #   torchdiffeq
    #   torchmetrics
    #   torchvision
    #   trustmark
    #   wibench
torch-fidelity==0.4.0
    # via torchmetrics
torch-geometric==2.7.0
    # via compressai
torchdiffeq==0.2.5
    # via -r requirements/attacks/discoattack.txt
torchmetrics==1.4.0.post0
    # via
    #   -r requirements/algorithms/syncseal.txt
    #   -r requirements/metrics/clip_iqa.txt
    #   -r requirements/metrics/fid.txt
    #   lightning
    #   pytorch-lightning
torchsummary==1.5.1
    # via -r requirements/algorithms/dwsf.txt
torchvision==0.26.0
    # via
    #   -r requirements/algorithms/arwgan.txt
    #   -r requirements/algorithms/cin.txt
    #   -r requirements/algorithms/dwsf.txt
    #   -r requirements/algorithms/fin.txt
    #   -r requirements/algorithms/invismark.txt
    #   -r requirements/algorithms/maskwm.txt
    #   -r requirements/algorithms/robust_wide.txt
    #   -r requirements/algorithms/watermark_anything.txt
    #   -r requirements/attacks/adversarialembedding.txt
    #   -r requirements/attacks/adversarialembeddingpsnr.txt
    #   -r requirements/attacks/wpwmattacker.txt
    #   -r requirements/datasets/mscoco.txt
    #   compressai
    #   lpips
    #   piq
    #   pretrainedmodels
    #   timm
    #   torch-fidelity
    #   torchmetrics
    #   trustmark
    #   wibench
tqdm==4.67.3
    # via
    #   -r requirements/algorithms/dwsf.txt
    #   -r requirements/algorithms/ssl_watermarking.txt
    #   -r requirements/algorithms/syncseal.txt
    #   -r requirements/attacks/dip.txt
    #   -r requirements/attacks/dipnoise.txt
    #   compressai
    #   datasets
    #   huggingface-hub
    #   iopath
    #   lightning
    #   lpips
    #   peft
    #   pretrainedmodels
    #   pytorch-lightning
    #   torch-fidelity
    #   torch-geometric
    #   transformers
    #   wibench
transformers==4.31.0
    # via
    #   -r requirements/algorithms/gaussian_shading.txt
    #   -r requirements/algorithms/maxsive.txt
    #   -r requirements/algorithms/metr.txt
    #   -r requirements/algorithms/ringid.txt
    #   -r requirements/algorithms/treering.txt
    #   -r requirements/attacks/adversarialembedding.txt
    #   -r requirements/attacks/adversarialembeddingpsnr.txt
    #   -r requirements/attacks/diffusionregeneration.txt
    #   -r requirements/attacks/vaeattack.txt
    #   -r requirements/attacks/wpwmattacker.txt
    #   metr
    #   peft
    #   torchmetrics
triton==3.6.0
    # via torch
trustmark==0.9.0
    # via -r requirements/algorithms/trustmark.txt
typer==0.24.1
    # via wibench
typing-extensions==4.15.0
    # via
    #   aiosignal
    #   compressai
    #   grpcio
    #   huggingface-hub
    #   iopath
    #   lightning
    #   lightning-utilities
    #   multidict
    #   pydantic
    #   pydantic-core
    #   pytorch-lightning
    #   torch
    #   typing-inspection
typing-inspection==0.4.2
    # via pydantic
tzdata==2025.3
    # via pandas
urllib3==2.6.3
    # via requests
uv==0.11.2
    # via wibench
wcwidth==0.6.0
    # via ftfy
werkzeug==3.1.7
    # via tensorboard
wheel==0.46.3
    # via compressai
xxhash==3.6.0
    # via
    #   datasets
    #   torch-geometric
yarl==1.23.0
    # via aiohttp
zipp==3.23.0
    # via importlib-metadata
